// !$*UTF8*$!
{
	archiveVersion = 1;
	classes = {
	};
	objectVersion = 56;
	objects = {

/* Begin PBXBuildFile section */
		0068636029AC102600E18E2A /* main.swift in Sources */ = {isa = PBXBuildFile; fileRef = 0068635F29AC102600E18E2A /* main.swift */; };
		0068636929AC115A00E18E2A /* matmul.swift in Sources */ = {isa = PBXBuildFile; fileRef = 0068636629AC115A00E18E2A /* matmul.swift */; };
		0068636A29AC115A00E18E2A /* utils.swift in Sources */ = {isa = PBXBuildFile; fileRef = 0068636729AC115A00E18E2A /* utils.swift */; };
		0068636B29AC115A00E18E2A /* matmul.metal in Sources */ = {isa = PBXBuildFile; fileRef = 0068636829AC115A00E18E2A /* matmul.metal */; };
		0068636D29AC17A400E18E2A /* reduce.swift in Sources */ = {isa = PBXBuildFile; fileRef = 0068636C29AC17A400E18E2A /* reduce.swift */; };
		0068636F29AC18A000E18E2A /* reduce_mke.metal in Sources */ = {isa = PBXBuildFile; fileRef = 0068636E29AC18A000E18E2A /* reduce_mke.metal */; };
/* End PBXBuildFile section */

/* Begin PBXCopyFilesBuildPhase section */
		0068635A29AC102600E18E2A /* CopyFiles */ = {
			isa = PBXCopyFilesBuildPhase;
			buildActionMask = 2147483647;
			dstPath = /usr/share/man/man1/;
			dstSubfolderSpec = 0;
			files = (
			);
			runOnlyForDeploymentPostprocessing = 1;
		};
/* End PBXCopyFilesBuildPhase section */

/* Begin PBXFileReference section */
		0068635C29AC102600E18E2A /* Scrapheap */ = {isa = PBXFileReference; explicitFileType = "compiled.mach-o.executable"; includeInIndex = 0; path = Scrapheap; sourceTree = BUILT_PRODUCTS_DIR; };
		0068635F29AC102600E18E2A /* main.swift */ = {isa = PBXFileReference; lastKnownFileType = sourcecode.swift; path = main.swift; sourceTree = "<group>"; };
		0068636629AC115A00E18E2A /* matmul.swift */ = {isa = PBXFileReference; fileEncoding = 4; lastKnownFileType = sourcecode.swift; path = matmul.swift; sourceTree = "<group>"; };
		0068636729AC115A00E18E2A /* utils.swift */ = {isa = PBXFileReference; fileEncoding = 4; lastKnownFileType = sourcecode.swift; path = utils.swift; sourceTree = "<group>"; };
		0068636829AC115A00E18E2A /* matmul.metal */ = {isa = PBXFileReference; fileEncoding = 4; lastKnownFileType = sourcecode.metal; path = matmul.metal; sourceTree = "<group>"; };
		0068636C29AC17A400E18E2A /* reduce.swift */ = {isa = PBXFileReference; lastKnownFileType = sourcecode.swift; path = reduce.swift; sourceTree = "<group>"; };
		0068636E29AC18A000E18E2A /* reduce_mke.metal */ = {isa = PBXFileReference; fileEncoding = 4; lastKnownFileType = sourcecode.metal; path = reduce_mke.metal; sourceTree = "<group>"; };
/* End PBXFileReference section */

/* Begin PBXFrameworksBuildPhase section */
		0068635929AC102600E18E2A /* Frameworks */ = {
			isa = PBXFrameworksBuildPhase;
			buildActionMask = 2147483647;
			files = (
			);
			runOnlyForDeploymentPostprocessing = 0;
		};
/* End PBXFrameworksBuildPhase section */

/* Begin PBXGroup section */
		0068635329AC102500E18E2A = {
			isa = PBXGroup;
			children = (
				0068635E29AC102600E18E2A /* Scrapheap */,
				0068635D29AC102600E18E2A /* Products */,
			);
			sourceTree = "<group>";
		};
		0068635D29AC102600E18E2A /* Products */ = {
			isa = PBXGroup;
			children = (
				0068635C29AC102600E18E2A /* Scrapheap */,
			);
			name = Products;
			sourceTree = "<group>";
		};
		0068635E29AC102600E18E2A /* Scrapheap */ = {
			isa = PBXGroup;
			children = (
				0068636E29AC18A000E18E2A /* reduce_mke.metal */,
				0068636829AC115A00E18E2A /* matmul.metal */,
				0068636629AC115A00E18E2A /* matmul.swift */,
				0068636C29AC17A400E18E2A /* reduce.swift */,
				0068636729AC115A00E18E2A /* utils.swift */,
				0068635F29AC102600E18E2A /* main.swift */,
			);
			path = Scrapheap;
			sourceTree = "<group>";
		};
/* End PBXGroup section */

/* Begin PBXNativeTarget section */
		0068635B29AC102600E18E2A /* Scrapheap */ = {
			isa = PBXNativeTarget;
			buildConfigurationList = 0068636329AC102600E18E2A /* Build configuration list for PBXNativeTarget "Scrapheap" */;
			buildPhases = (
				0068635829AC102600E18E2A /* Sources */,
				0068635929AC102600E18E2A /* Frameworks */,
				0068635A29AC102600E18E2A /* CopyFiles */,
			);
			buildRules = (
			);
			dependencies = (
			);
			name = Scrapheap;
			productName = Scrapheap;
			productReference = 0068635C29AC102600E18E2A /* Scrapheap */;
			productType = "com.apple.product-type.tool";
		};
/* End PBXNativeTarget section */

/* Begin PBXProject section */
		0068635429AC102500E18E2A /* Project object */ = {
			isa = PBXProject;
			attributes = {
				BuildIndependentTargetsInParallel = 1;
				LastSwiftUpdateCheck = 1420;
				LastUpgradeCheck = 1420;
				TargetAttributes = {
					0068635B29AC102600E18E2A = {
						CreatedOnToolsVersion = 14.2;
					};
				};
			};
			buildConfigurationList = 0068635729AC102500E18E2A /* Build configuration list for PBXProject "Scrapheap" */;
			compatibilityVersion = "Xcode 14.0";
			developmentRegion = en;
			hasScannedForEncodings = 0;
			knownRegions = (
				en,
				Base,
			);
			mainGroup = 0068635329AC102500E18E2A;
			productRefGroup = 0068635D29AC102600E18E2A /* Products */;
			projectDirPath = "";
			projectRoot = "";
			targets = (
				0068635B29AC102600E18E2A /* Scrapheap */,
			);
		};
/* End PBXProject section */

/* Begin PBXSourcesBuildPhase section */
		0068635829AC102600E18E2A /* Sources */ = {
			isa = PBXSourcesBuildPhase;
			buildActionMask = 2147483647;
			files = (
				0068636D29AC17A400E18E2A /* reduce.swift in Sources */,
				0068636F29AC18A000E18E2A /* reduce_mke.metal in Sources */,
				0068636A29AC115A00E18E2A /* utils.swift in Sources */,
				0068636B29AC115A00E18E2A /* matmul.metal in Sources */,
				0068636029AC102600E18E2A /* main.swift in Sources */,
				0068636929AC115A00E18E2A /* matmul.swift in Sources */,
			);
			runOnlyForDeploymentPostprocessing = 0;
		};
/* End PBXSourcesBuildPhase section */

/* Begin XCBuildConfiguration section */
		0068636129AC102600E18E2A /* Debug */ = {
			isa = XCBuildConfiguration;
			buildSettings = {
				ALWAYS_SEARCH_USER_PATHS = NO;
				CLANG_ANALYZER_NONNULL = YES;
				CLANG_ANALYZER_NUMBER_OBJECT_CONVERSION = YES_AGGRESSIVE;
				CLANG_CXX_LANGUAGE_STANDARD = "gnu++20";
				CLANG_ENABLE_MODULES = YES;
				CLANG_ENABLE_OBJC_ARC = YES;
				CLANG_ENABLE_OBJC_WEAK = YES;
				CLANG_WARN_BLOCK_CAPTURE_AUTORELEASING = YES;
				CLANG_WARN_BOOL_CONVERSION = YES;
				CLANG_WARN_COMMA = YES;
				CLANG_WARN_CONSTANT_CONVERSION = YES;
				CLANG_WARN_DEPRECATED_OBJC_IMPLEMENTATIONS = YES;
				CLANG_WARN_DIRECT_OBJC_ISA_USAGE = YES_ERROR;
				CLANG_WARN_DOCUMENTATION_COMMENTS = YES;
				CLANG_WARN_EMPTY_BODY = YES;
				CLANG_WARN_ENUM_CONVERSION = YES;
				CLANG_WARN_INFINITE_RECURSION = YES;
				CLANG_WARN_INT_CONVERSION = YES;
				CLANG_WARN_NON_LITERAL_NULL_CONVERSION = YES;
				CLANG_WARN_OBJC_IMPLICIT_RETAIN_SELF = YES;
				CLANG_WARN_OBJC_LITERAL_CONVERSION = YES;
				CLANG_WARN_OBJC_ROOT_CLASS = YES_ERROR;
				CLANG_WARN_QUOTED_INCLUDE_IN_FRAMEWORK_HEADER = YES;
				CLANG_WARN_RANGE_LOOP_ANALYSIS = YES;
				CLANG_WARN_STRICT_PROTOTYPES = YES;
				CLANG_WARN_SUSPICIOUS_MOVE = YES;
				CLANG_WARN_UNGUARDED_AVAILABILITY = YES_AGGRESSIVE;
				CLANG_WARN_UNREACHABLE_CODE = YES;
				CLANG_WARN__DUPLICATE_METHOD_MATCH = YES;
				COPY_PHASE_STRIP = NO;
				DEBUG_INFORMATION_FORMAT = dwarf;
				ENABLE_STRICT_OBJC_MSGSEND = YES;
				ENABLE_TESTABILITY = YES;
				GCC_C_LANGUAGE_STANDARD = gnu11;
				GCC_DYNAMIC_NO_PIC = NO;
				GCC_NO_COMMON_BLOCKS = YES;
				GCC_OPTIMIZATION_LEVEL = 0;
				GCC_PREPROCESSOR_DEFINITIONS = (
					"DEBUG=1",
					"$(inherited)",
				);
				GCC_WARN_64_TO_32_BIT_CONVERSION = YES;
				GCC_WARN_ABOUT_RETURN_TYPE = YES_ERROR;
				GCC_WARN_UNDECLARED_SELECTOR = YES;
				GCC_WARN_UNINITIALIZED_AUTOS = YES_AGGRESSIVE;
				GCC_WARN_UNUSED_FUNCTION = YES;
				GCC_WARN_UNUSED_VARIABLE = YES;
				MACOSX_DEPLOYMENT_TARGET = 13.1;
				MTL_ENABLE_DEBUG_INFO = INCLUDE_SOURCE;
				MTL_FAST_MATH = YES;
				ONLY_ACTIVE_ARCH = YES;
				SDKROOT = macosx;
				SWIFT_ACTIVE_COMPILATION_CONDITIONS = DEBUG;
				SWIFT_OPTIMIZATION_LEVEL = "-Onone";
			};
			name = Debug;
		};
		0068636229AC102600E18E2A /* Release */ = {
			isa = XCBuildConfiguration;
			buildSettings = {
				ALWAYS_SEARCH_USER_PATHS = NO;
				CLANG_ANALYZER_NONNULL = YES;
				CLANG_ANALYZER_NUMBER_OBJECT_CONVERSION = YES_AGGRESSIVE;
				CLANG_CXX_LANGUAGE_STANDARD = "gnu++20";
				CLANG_ENABLE_MODULES = YES;
				CLANG_ENABLE_OBJC_ARC = YES;
				CLANG_ENABLE_OBJC_WEAK = YES;
				CLANG_WARN_BLOCK_CAPTURE_AUTORELEASING = YES;
				CLANG_WARN_BOOL_CONVERSION = YES;
				CLANG_WARN_COMMA = YES;
				CLANG_WARN_CONSTANT_CONVERSION = YES;
				CLANG_WARN_DEPRECATED_OBJC_IMPLEMENTATIONS = YES;
				CLANG_WARN_DIRECT_OBJC_ISA_USAGE = YES_ERROR;
				CLANG_WARN_DOCUMENTATION_COMMENTS = YES;
				CLANG_WARN_EMPTY_BODY = YES;
				CLANG_WARN_ENUM_CONVERSION = YES;
				CLANG_WARN_INFINITE_RECURSION = YES;
				CLANG_WARN_INT_CONVERSION = YES;
				CLANG_WARN_NON_LITERAL_NULL_CONVERSION = YES;
				CLANG_WARN_OBJC_IMPLICIT_RETAIN_SELF = YES;
				CLANG_WARN_OBJC_LITERAL_CONVERSION = YES;
				CLANG_WARN_OBJC_ROOT_CLASS = YES_ERROR;
				CLANG_WARN_QUOTED_INCLUDE_IN_FRAMEWORK_HEADER = YES;
				CLANG_WARN_RANGE_LOOP_ANALYSIS = YES;
				CLANG_WARN_STRICT_PROTOTYPES = YES;
				CLANG_WARN_SUSPICIOUS_MOVE = YES;
				CLANG_WARN_UNGUARDED_AVAILABILITY = YES_AGGRESSIVE;
				CLANG_WARN_UNREACHABLE_CODE = YES;
				CLANG_WARN__DUPLICATE_METHOD_MATCH = YES;
				COPY_PHASE_STRIP = NO;
				DEBUG_INFORMATION_FORMAT = "dwarf-with-dsym";
				ENABLE_NS_ASSERTIONS = NO;
				ENABLE_STRICT_OBJC_MSGSEND = YES;
				GCC_C_LANGUAGE_STANDARD = gnu11;
				GCC_NO_COMMON_BLOCKS = YES;
				GCC_WARN_64_TO_32_BIT_CONVERSION = YES;
				GCC_WARN_ABOUT_RETURN_TYPE = YES_ERROR;
				GCC_WARN_UNDECLARED_SELECTOR = YES;
				GCC_WARN_UNINITIALIZED_AUTOS = YES_AGGRESSIVE;
				GCC_WARN_UNUSED_FUNCTION = YES;
				GCC_WARN_UNUSED_VARIABLE = YES;
				MACOSX_DEPLOYMENT_TARGET = 13.1;
				MTL_ENABLE_DEBUG_INFO = NO;
				MTL_FAST_MATH = YES;
				SDKROOT = macosx;
				SWIFT_COMPILATION_MODE = wholemodule;
				SWIFT_OPTIMIZATION_LEVEL = "-O";
			};
			name = Release;
		};
		0068636429AC102600E18E2A /* Debug */ = {
			isa = XCBuildConfiguration;
			buildSettings = {
				CODE_SIGN_STYLE = Automatic;
				GCC_OPTIMIZATION_LEVEL = s;
				PRODUCT_NAME = "$(TARGET_NAME)";
				SWIFT_OPTIMIZATION_LEVEL = "-O";
				SWIFT_VERSION = 5.0;
			};
			name = Debug;
		};
		0068636529AC102600E18E2A /* Release */ = {
			isa = XCBuildConfiguration;
			buildSettings = {
				CODE_SIGN_STYLE = Automatic;
				PRODUCT_NAME = "$(TARGET_NAME)";
				SWIFT_VERSION = 5.0;
			};
			name = Release;
		};
/* End XCBuildConfiguration section */

/* Begin XCConfigurationList section */
		0068635729AC102500E18E2A /* Build configuration list for PBXProject "Scrapheap" */ = {
			isa = XCConfigurationList;
			buildConfigurations = (
				0068636129AC102600E18E2A /* Debug */,
				0068636229AC102600E18E2A /* Release */,
			);
			defaultConfigurationIsVisible = 0;
			defaultConfigurationName = Release;
		};
		0068636329AC102600E18E2A /* Build configuration list for PBXNativeTarget "Scrapheap" */ = {
			isa = XCConfigurationList;
			buildConfigurations = (
				0068636429AC102600E18E2A /* Debug */,
				0068636529AC102600E18E2A /* Release */,
			);
			defaultConfigurationIsVisible = 0;
			defaultConfigurationName = Release;
		};
/* End XCConfigurationList section */
	};
	rootObject = 0068635429AC102500E18E2A /* Project object */;
}
